
Microsoft Visual Studio Solution File, Format Version 12.00
# Visual Studio Version 17
VisualStudioVersion = 17.12.35527.113 d17.12
MinimumVisualStudioVersion = 10.0.40219.1
Project("{FAE04EC0-301F-11D3-BF4B-00C04F79EFBC}") = "bai17_tinh_lai_xuat", "bai17_tinh_lai_xuat.csproj", "{C43B09DC-2134-41E1-BB6D-A9CFAB97E6CD}"
EndProject
Global
	GlobalSection(SolutionConfigurationPlatforms) = preSolution
		Debug|Any CPU = Debug|Any CPU
		Release|Any CPU = Release|Any CPU
	EndGlobalSection
	GlobalSection(ProjectConfigurationPlatforms) = postSolution
		{C43B09DC-2134-41E1-BB6D-A9CFAB97E6CD}.Debug|Any CPU.ActiveCfg = Debug|Any CPU
		{C43B09DC-2134-41E1-BB6D-A9CFAB97E6CD}.Debug|Any CPU.Build.0 = Debug|Any CPU
		{C43B09DC-2134-41E1-BB6D-A9CFAB97E6CD}.Release|Any CPU.ActiveCfg = Release|Any CPU
		{C43B09DC-2134-41E1-BB6D-A9CFAB97E6CD}.Release|Any CPU.Build.0 = Release|Any CPU
	EndGlobalSection
	GlobalSection(SolutionProperties) = preSolution
		HideSolutionNode = FALSE
	EndGlobalSection
EndGlobal
